{
  "name": "shortstop",
  "version": "1.1.0-beta.2",
  "lockfileVersion": 3,
  "requires": true,
  "packages": {
    "": {
      "name": "shortstop",
      "version": "1.1.0-beta.2",
      "dependencies": {
        "async": "~0.2.10",
        "core-util-is": "~1.0.1"
      },
      "devDependencies": {
        "istanbul": "~0.2.4",
        "jshint": "~2.4.4",
        "tape": "~2.5.0"
      }
    },
    "node_modules/abbrev": {
      "version": "1.0.9",
      "resolved": "https://registry.npmjs.org/abbrev/-/abbrev-1.0.9.tgz",
      "integrity": "sha512-LEyx4aLEC3x6T0UguF6YILf+ntvmOaWsVfENmIW0E9H09vKlLDGelMjjSm0jkDHALj8A8quZ/HapKNigzwge+Q==",
      "dev": true,
      "license": "ISC"
    },
    "node_modules/amdefine": {
      "version": "1.0.1",
      "resolved": "https://registry.npmjs.org/amdefine/-/amdefine-1.0.1.tgz",
      "integrity": "sha512-S2Hw0TtNkMJhIabBwIojKL9YHO5T0n5eNqWJ7Lrlel/zDbftQpxpapi8tZs3X1HWa+u+QeydGmzzNU0m09+Rcg==",
      "dev": true,
      "license": "BSD-3-Clause OR MIT",
      "optional": true,
      "engines": {
        "node": ">=0.4.2"
      }
    },
    "node_modules/argparse": {
      "version": "1.0.10",
      "resolved": "https://registry.npmjs.org/argparse/-/argparse-1.0.10.tgz",
      "integrity": "sha512-o5Roy6tNG4SL/FOkCAN6RzjiakZS25RLYFrcMttJqbdd8BWrnA+fGz57iN5Pb06pvBGvl5gQ0B48dJlslXvoTg==",
      "dev": true,
      "license": "MIT",
      "dependencies": {
        "sprintf-js": "~1.0.2"
      }
    },
    "node_modules/async": {
      "version": "0.2.10",
      "resolved": "https://registry.npmjs.org/async/-/async-0.2.10.tgz",
      "integrity": "sha512-eAkdoKxU6/LkKDBzLpT+t6Ff5EtfSF4wx1WfJiPEEV7WNLnDaRXk0oVysiEPm262roaachGexwUv94WhSgN5TQ=="
    },
    "node_modules/cli": {
      "version": "0.4.5",
      "resolved": "https://registry.npmjs.org/cli/-/cli-0.4.5.tgz",
      "integrity": "sha512-dbn5HyeJWSOU58RwOEiF1VWrl7HRvDsKLpu0uiI/vExH6iNoyUzjB5Mr3IJY5DVUfnbpe9793xw4DFJVzC9nWQ==",
      "dev": true,
      "dependencies": {
        "glob": ">= 3.1.4"
      },
      "engines": {
        "node": ">=0.2.5"
      }
    },
    "node_modules/console-browserify": {
      "version": "0.1.6",
      "resolved": "https://registry.npmjs.org/console-browserify/-/console-browserify-0.1.6.tgz",
      "integrity": "sha512-FJahZyF+dLKrC7h4DOq5JsHA+f0cLJD3TR1+0CK3n6phtdrVAPsZZKq+PZRmo2RYSOHvvs8kNhU4uRiSZUbSbA==",
      "dev": true
    },
    "node_modules/core-util-is": {
      "version": "1.0.3",
      "resolved": "https://registry.npmjs.org/core-util-is/-/core-util-is-1.0.3.tgz",
      "integrity": "sha512-ZQBvi1DcpJ4GDqanjucZ2Hj3wEO5pZDS89BWbkcrvdxksJorwUDDZamX9ldFkp9aw2lmBDLgkObEA4DWNJ9FYQ==",
      "license": "MIT"
    },
    "node_modules/deep-equal": {
      "version": "0.2.2",
      "resolved": "https://registry.npmjs.org/deep-equal/-/deep-equal-0.2.2.tgz",
      "integrity": "sha512-FXgye2Jr6oEk01S7gmSrHrPEQ1ontR7wwl+nYiZ8h4SXlHVm0DYda74BIPcHz2s2qPz4+375IcAz1vsWLwddgQ==",
      "dev": true,
      "license": "MIT"
    },
    "node_modules/defined": {
      "version": "0.0.0",
      "resolved": "https://registry.npmjs.org/defined/-/defined-0.0.0.tgz",
      "integrity": "sha512-zpqiCT8bODLu3QSmLLic8xJnYWBFjOSu/fBCm189oAiTtPq/PSanNACKZDS7kgSyCJY7P+IcODzlIogBK/9RBg==",
      "dev": true,
      "license": "MIT"
    },
    "node_modules/domelementtype": {
      "version": "1.3.1",
      "resolved": "https://registry.npmjs.org/domelementtype/-/domelementtype-1.3.1.tgz",
      "integrity": "sha512-BSKB+TSpMpFI/HOxCNr1O8aMOTZ8hT3pM3GQ0w/mWRmkhEDSFJkkyzz4XQsBV44BChwGkrDfMyjVD0eA2aFV3w==",
      "dev": true,
      "license": "BSD-2-Clause"
    },
    "node_modules/domhandler": {
      "version": "2.1.0",
      "resolved": "https://registry.npmjs.org/domhandler/-/domhandler-2.1.0.tgz",
      "integrity": "sha512-4Qr6GTzdsnKVGdYferZT3na5zkswztvfsoyprP/j2bLf1l3pUTamwYvNVldkEYFG6Ll+3eV5mVk0zgRr6iI+SA==",
      "dev": true,
      "dependencies": {
        "domelementtype": "1"
      }
    },
    "node_modules/domutils": {
      "version": "1.1.6",
      "resolved": "https://registry.npmjs.org/domutils/-/domutils-1.1.6.tgz",
      "integrity": "sha512-ZeagMzMKyk9GSFMqV3x3uHgRN36hLpSOF6LIRXmftce0UUqFsAx/azJAJ4Jc+9DYKmwROH5HLOcOu1OPARWwNg==",
      "dev": true,
      "dependencies": {
        "domelementtype": "1"
      }
    },
    "node_modules/escodegen": {
      "version": "1.3.3",
      "resolved": "https://registry.npmjs.org/escodegen/-/escodegen-1.3.3.tgz",
      "integrity": "sha512-z9FWgKc48wjMlpzF5ymKS1AF8OIgnKLp9VyN7KbdtyrP/9lndwUFqCtMm+TAJmJf7KJFFYc4cFJfVTTGkKEwsA==",
      "dev": true,
      "dependencies": {
        "esprima": "~1.1.1",
        "estraverse": "~1.5.0",
        "esutils": "~1.0.0"
      },
      "bin": {
        "escodegen": "bin/escodegen.js",
        "esgenerate": "bin/esgenerate.js"
      },
      "engines": {
        "node": ">=0.10.0"
      },
      "optionalDependencies": {
        "source-map": "~0.1.33"
      }
    },
    "node_modules/escodegen/node_modules/esprima": {
      "version": "1.1.1",
      "resolved": "https://registry.npmjs.org/esprima/-/esprima-1.1.1.tgz",
      "integrity": "sha512-qxxB994/7NtERxgXdFgLHIs9M6bhLXc6qtUmWZ3L8+gTQ9qaoyki2887P2IqAYsoENyr8SUbTutStDniOHSDHg==",
      "dev": true,
      "bin": {
        "esparse": "bin/esparse.js",
        "esvalidate": "bin/esvalidate.js"
      },
      "engines": {
        "node": ">=0.4.0"
      }
    },
    "node_modules/esprima": {
      "version": "1.2.5",
      "resolved": "https://registry.npmjs.org/esprima/-/esprima-1.2.5.tgz",
      "integrity": "sha512-S9VbPDU0adFErpDai3qDkjq8+G05ONtKzcyNrPKg/ZKa+tf879nX2KexNU95b31UoTJjRLInNBHHHjFPoCd7lQ==",
      "dev": true,
      "bin": {
        "esparse": "bin/esparse.js",
        "esvalidate": "bin/esvalidate.js"
      },
      "engines": {
        "node": ">=0.4.0"
      }
    },
    "node_modules/estraverse": {
      "version": "1.5.1",
      "resolved": "https://registry.npmjs.org/estraverse/-/estraverse-1.5.1.tgz",
      "integrity": "sha512-FpCjJDfmo3vsc/1zKSeqR5k42tcIhxFIlvq+h9j0fO2q/h2uLKyweq7rYJ+0CoVvrGQOxIS5wyBrW/+vF58BUQ==",
      "dev": true,
      "engines": {
        "node": ">=0.4.0"
      }
    },
    "node_modules/esutils": {
      "version": "1.0.0",
      "resolved": "https://registry.npmjs.org/esutils/-/esutils-1.0.0.tgz",
      "integrity": "sha512-x/iYH53X3quDwfHRz4y8rn4XcEwwCJeWsul9pF1zldMbGtgOtMNBEOuYWwB1EQlK2LRa1fev3YAgym/RElp5Cg==",
      "dev": true,
      "engines": {
        "node": ">=0.10.0"
      }
    },
    "node_modules/exit": {
      "version": "0.1.2",
      "resolved": "https://registry.npmjs.org/exit/-/exit-0.1.2.tgz",
      "integrity": "sha512-Zk/eNKV2zbjpKzrsQ+n1G6poVbErQxJ0LBOJXaKZ1EViLzH+hrLu9cdXI4zw9dBQJslwBEpbQ2P1oS7nDxs6jQ==",
      "dev": true,
      "engines": {
        "node": ">= 0.8.0"
      }
    },
    "node_modules/fileset": {
      "version": "0.1.8",
      "resolved": "https://registry.npmjs.org/fileset/-/fileset-0.1.8.tgz",
      "integrity": "sha512-Gg0/Iy/v4BfdGWZpbpVBPKIYcap7jMn2uT5lcIDZyMFZR35VDojrJnIAwWjCj7ZOqsGp3j+ExWKqnfGrz4q0fg==",
      "dev": true,
      "dependencies": {
        "glob": "3.x",
        "minimatch": "0.x"
      }
    },
    "node_modules/glob": {
      "version": "3.2.11",
      "resolved": "https://registry.npmjs.org/glob/-/glob-3.2.11.tgz",
      "integrity": "sha512-hVb0zwEZwC1FXSKRPFTeOtN7AArJcJlI6ULGLtrstaswKNlrTJqAA+1lYlSUop4vjA423xlBzqfVS3iWGlqJ+g==",
      "deprecated": "Glob versions prior to v9 are no longer supported",
      "dev": true,
      "license": "BSD",
      "dependencies": {
        "inherits": "2",
        "minimatch": "0.3"
      },
      "engines": {
        "node": "*"
      }
    },
    "node_modules/glob/node_modules/minimatch": {
      "version": "0.3.0",
      "resolved": "https://registry.npmjs.org/minimatch/-/minimatch-0.3.0.tgz",
      "integrity": "sha512-WFX1jI1AaxNTZVOHLBVazwTWKaQjoykSzCBNXB72vDTCzopQGtyP91tKdFK5cv1+qMwPyiTu1HqUriqplI8pcA==",
      "deprecated": "Please update to minimatch 3.0.2 or higher to avoid a RegExp DoS issue",
      "dev": true,
      "license": "MIT",
      "dependencies": {
        "lru-cache": "2",
        "sigmund": "~1.0.0"
      },
      "engines": {
        "node": "*"
      }
    },
    "node_modules/handlebars": {
      "version": "1.3.0",
      "resolved": "https://registry.npmjs.org/handlebars/-/handlebars-1.3.0.tgz",
      "integrity": "sha512-l7sLUTqXCkc1Ypoy8mSOWZFEZJK3VYQYnLfIVTRJeSHdgzt6hXkQ0uPGugydPa99KyyBdsi0J3WvYfm/HX5naQ==",
      "dev": true,
      "license": "MIT",
      "dependencies": {
        "optimist": "~0.3"
      },
      "bin": {
        "handlebars": "bin/handlebars"
      },
      "engines": {
        "node": ">=0.4.7"
      },
      "optionalDependencies": {
        "uglify-js": "~2.3"
      }
    },
    "node_modules/htmlparser2": {
      "version": "3.3.0",
      "resolved": "https://registry.npmjs.org/htmlparser2/-/htmlparser2-3.3.0.tgz",
      "integrity": "sha512-Z8i63n7seuPvRe1PQyrjmoVStv7bjMa0skrOl/k6tnT/5WpPNrzWLB1Hg/dJxBXH/M6KZvm25JQGVCiQGxURLQ==",
      "dev": true,
      "dependencies": {
        "domelementtype": "1",
        "domhandler": "2.1",
        "domutils": "1.1",
        "readable-stream": "1.0"
      }
    },
    "node_modules/inherits": {
      "version": "2.0.4",
      "resolved": "https://registry.npmjs.org/inherits/-/inherits-2.0.4.tgz",
      "integrity": "sha512-k/vGaX4/Yla3WzyMCvTQOXYeIHvqOKtnqBduzTHpzpQZzAskKMhZ2K+EnBiSM9zGSoIFeMpXKxa4dYeZIQqewQ==",
      "dev": true,
      "license": "ISC"
    },
    "node_modules/isarray": {
      "version": "0.0.1",
      "resolved": "https://registry.npmjs.org/isarray/-/isarray-0.0.1.tgz",
      "integrity": "sha512-D2S+3GLxWH+uhrNEcoh/fnmYeP8E8/zHl644d/jdA0g2uyXvy3sb0qxotE+ne0LtccHknQzWwZEzhak7oJ0COQ==",
      "dev": true,
      "license": "MIT"
    },
    "node_modules/istanbul": {
      "version": "0.2.16",
      "resolved": "https://registry.npmjs.org/istanbul/-/istanbul-0.2.16.tgz",
      "integrity": "sha512-+v4frOfwLqqD26Hq9SIUOnz2D3WJv+UjHXelIB9hWPZIMe3obFtTMx2bdIBqt+YA7EqtF8IWJ+r0QF++oAqq5g==",
      "deprecated": "This module is no longer maintained, try this instead:\n  npm i nyc\nVisit https://istanbul.js.org/integrations for other alternatives.",
      "dev": true,
      "dependencies": {
        "abbrev": "1.0.x",
        "async": "0.9.x",
        "escodegen": "1.3.x",
        "esprima": "1.2.x",
        "fileset": "0.1.x",
        "handlebars": "1.3.x",
        "js-yaml": "3.x",
        "mkdirp": "0.5.x",
        "nopt": "3.x",
        "resolve": "0.7.x",
        "which": "1.0.x",
        "wordwrap": "0.0.x"
      },
      "bin": {
        "istanbul": "lib/cli.js"
      }
    },
    "node_modules/istanbul/node_modules/async": {
      "version": "0.9.2",
      "resolved": "https://registry.npmjs.org/async/-/async-0.9.2.tgz",
      "integrity": "sha512-l6ToIJIotphWahxxHyzK9bnLR6kM4jJIIgLShZeqLY7iboHoGkdgFl7W2/Ivi4SkMJYGKqW8vSuk0uKUj6qsSw==",
      "dev": true,
      "license": "MIT"
    },
    "node_modules/js-yaml": {
      "version": "3.14.1",
      "resolved": "https://registry.npmjs.org/js-yaml/-/js-yaml-3.14.1.tgz",
      "integrity": "sha512-okMH7OXXJ7YrN9Ok3/SXrnu4iX9yOk+25nqX4imS2npuvTYDmo/QEZoqwZkYaIDk3jVvBOTOIEgEhaLOynBS9g==",
      "dev": true,
      "license": "MIT",
      "dependencies": {
        "argparse": "^1.0.7",
        "esprima": "^4.0.0"
      },
      "bin": {
        "js-yaml": "bin/js-yaml.js"
      }
    },
    "node_modules/js-yaml/node_modules/esprima": {
      "version": "4.0.1",
      "resolved": "https://registry.npmjs.org/esprima/-/esprima-4.0.1.tgz",
      "integrity": "sha512-eGuFFw7Upda+g4p+QHvnW0RyTX/SVeJBDM/gCtMARO0cLuT2HcEKnTPvhjV6aGeqrCB/sbNop0Kszm0jsaWU4A==",
      "dev": true,
      "license": "BSD-2-Clause",
      "bin": {
        "esparse": "bin/esparse.js",
        "esvalidate": "bin/esvalidate.js"
      },
      "engines": {
        "node": ">=4"
      }
    },
    "node_modules/jshint": {
      "version": "2.4.4",
      "resolved": "https://registry.npmjs.org/jshint/-/jshint-2.4.4.tgz",
      "integrity": "sha512-Nzlx5kilVb7RB/Vcw00C0/3AFqjWOE1MFuav3n0G2DC8l3IK/BGW295SELgZziJ/TIaAWHBqbw9+9i3GP4w6dQ==",
      "dev": true,
      "dependencies": {
        "cli": "0.4.x",
        "console-browserify": "0.1.x",
        "exit": "0.1.x",
        "htmlparser2": "3.3.x",
        "minimatch": "0.x.x",
        "shelljs": "0.1.x",
        "underscore": "1.4.x"
      },
      "bin": {
        "jshint": "bin/jshint"
      }
    },
    "node_modules/jsonify": {
      "version": "0.0.1",
      "resolved": "https://registry.npmjs.org/jsonify/-/jsonify-0.0.1.tgz",
      "integrity": "sha512-2/Ki0GcmuqSrgFyelQq9M05y7PS0mEwuIzrf3f1fPqkVDVRvZrPZtVSMHxdgo8Aq0sxAOb/cr2aqqA3LeWHVPg==",
      "dev": true,
      "license": "Public Domain",
      "funding": {
        "url": "https://github.com/sponsors/ljharb"
      }
    },
    "node_modules/lru-cache": {
      "version": "2.7.3",
      "resolved": "https://registry.npmjs.org/lru-cache/-/lru-cache-2.7.3.tgz",
      "integrity": "sha512-WpibWJ60c3AgAz8a2iYErDrcT2C7OmKnsWhIcHOjkUHFjkXncJhtLxNSqUmxRxRunpb5I8Vprd7aNSd2NtksJQ==",
      "dev": true,
      "license": "ISC"
    },
    "node_modules/minimatch": {
      "version": "0.4.0",
      "resolved": "https://registry.npmjs.org/minimatch/-/minimatch-0.4.0.tgz",
      "integrity": "sha512-yJKJL1g3to7f4C/9LzHXTzNh550xKGefiCls9RS+DDdsDpKpndY49UDZW5sj/3yeac3Hl2Px3w5bT8bM/dMrWQ==",
      "deprecated": "Please update to minimatch 3.0.2 or higher to avoid a RegExp DoS issue",
      "dev": true,
      "license": "MIT",
      "dependencies": {
        "lru-cache": "2",
        "sigmund": "~1.0.0"
      },
      "engines": {
        "node": "*"
      }
    },
    "node_modules/minimist": {
      "version": "1.2.8",
      "resolved": "https://registry.npmjs.org/minimist/-/minimist-1.2.8.tgz",
      "integrity": "sha512-2yyAR8qBkN3YuheJanUpWC5U3bb5osDywNB8RzDVlDwDHbocAJveqqj1u8+SVD7jkWT4yvsHCpWqqWqAxb0zCA==",
      "dev": true,
      "license": "MIT",
      "funding": {
        "url": "https://github.com/sponsors/ljharb"
      }
    },
    "node_modules/mkdirp": {
      "version": "0.5.6",
      "resolved": "https://registry.npmjs.org/mkdirp/-/mkdirp-0.5.6.tgz",
      "integrity": "sha512-FP+p8RB8OWpF3YZBCrP5gtADmtXApB5AMLn+vdyA+PyxCjrCs00mjyUozssO33cwDeT3wNGdLxJ5M//YqtHAJw==",
      "dev": true,
      "license": "MIT",
      "dependencies": {
        "minimist": "^1.2.6"
      },
      "bin": {
        "mkdirp": "bin/cmd.js"
      }
    },
    "node_modules/nopt": {
      "version": "3.0.6",
      "resolved": "https://registry.npmjs.org/nopt/-/nopt-3.0.6.tgz",
      "integrity": "sha512-4GUt3kSEYmk4ITxzB/b9vaIDfUVWN/Ml1Fwl11IlnIG2iaJ9O6WXZ9SrYM9NLI8OCBieN2Y8SWC2oJV0RQ7qYg==",
      "dev": true,
      "license": "ISC",
      "dependencies": {
        "abbrev": "1"
      },
      "bin": {
        "nopt": "bin/nopt.js"
      }
    },
    "node_modules/optimist": {
      "version": "0.3.7",
      "resolved": "https://registry.npmjs.org/optimist/-/optimist-0.3.7.tgz",
      "integrity": "sha512-TCx0dXQzVtSCg2OgY/bO9hjM9cV4XYx09TVK+s3+FhkjT6LovsLe+pPMzpWf+6yXK/hUizs2gUoTw3jHM0VaTQ==",
      "dev": true,
      "license": "MIT/X11",
      "dependencies": {
        "wordwrap": "~0.0.2"
      }
    },
    "node_modules/readable-stream": {
      "version": "1.0.34",
      "resolved": "https://registry.npmjs.org/readable-stream/-/readable-stream-1.0.34.tgz",
      "integrity": "sha512-ok1qVCJuRkNmvebYikljxJA/UEsKwLl2nI1OmaqAu4/UE+h0wKCHok4XkL/gvi39OacXvw59RJUOFUkDib2rHg==",
      "dev": true,
      "license": "MIT",
      "dependencies": {
        "core-util-is": "~1.0.0",
        "inherits": "~2.0.1",
        "isarray": "0.0.1",
        "string_decoder": "~0.10.x"
      }
    },
    "node_modules/resolve": {
      "version": "0.7.4",
      "resolved": "https://registry.npmjs.org/resolve/-/resolve-0.7.4.tgz",
      "integrity": "sha512-zxmAcifDjKxmUbk7chQdKhDSn8ml08g+MYyU37xhEXBp+N81cfbYsm4e0Gn9jtLbAvbR8w8Ox09xqUZtPuCoeA==",
      "dev": true,
      "license": "MIT"
    },
    "node_modules/resumer": {
      "version": "0.0.0",
      "resolved": "https://registry.npmjs.org/resumer/-/resumer-0.0.0.tgz",
      "integrity": "sha512-Fn9X8rX8yYF4m81rZCK/5VmrmsSbqS/i3rDLl6ZZHAXgC2nTAx3dhwG8q8odP/RmdLa2YrybDJaAMg+X1ajY3w==",
      "dev": true,
      "license": "MIT",
      "dependencies": {
        "through": "~2.3.4"
      }
    },
    "node_modules/shelljs": {
      "version": "0.1.4",
      "resolved": "https://registry.npmjs.org/shelljs/-/shelljs-0.1.4.tgz",
      "integrity": "sha512-UkXLBuUzAJwkal/0eYnQs8LpXQ4grKL5kPtA0RkUzhj1khUvw5Z2d717GRTRclDWQ+Y14yWkiM9cJX2CwSHxpw==",
      "dev": true,
      "bin": {
        "shjs": "bin/shjs"
      },
      "engines": {
        "node": "*"
      }
    },
    "node_modules/sigmund": {
      "version": "1.0.1",
      "resolved": "https://registry.npmjs.org/sigmund/-/sigmund-1.0.1.tgz",
      "integrity": "sha512-fCvEXfh6NWpm+YSuY2bpXb/VIihqWA6hLsgboC+0nl71Q7N7o2eaCW8mJa/NLvQhs6jpd3VZV4UiUQlV6+lc8g==",
      "dev": true,
      "license": "ISC"
    },
    "node_modules/source-map": {
      "version": "0.1.43",
      "resolved": "https://registry.npmjs.org/source-map/-/source-map-0.1.43.tgz",
      "integrity": "sha512-VtCvB9SIQhk3aF6h+N85EaqIaBFIAfZ9Cu+NJHHVvc8BbEcnvDcFw6sqQ2dQrT6SlOrZq3tIvyD9+EGq/lJryQ==",
      "dev": true,
      "optional": true,
      "dependencies": {
        "amdefine": ">=0.0.4"
      },
      "engines": {
        "node": ">=0.8.0"
      }
    },
    "node_modules/sprintf-js": {
      "version": "1.0.3",
      "resolved": "https://registry.npmjs.org/sprintf-js/-/sprintf-js-1.0.3.tgz",
      "integrity": "sha512-D9cPgkvLlV3t3IzL0D0YLvGA9Ahk4PcvVwUbN0dSGr1aP0Nrt4AEnTUbuGvquEC0mA64Gqt1fzirlRs5ibXx8g==",
      "dev": true,
      "license": "BSD-3-Clause"
    },
    "node_modules/string_decoder": {
      "version": "0.10.31",
      "resolved": "https://registry.npmjs.org/string_decoder/-/string_decoder-0.10.31.tgz",
      "integrity": "sha512-ev2QzSzWPYmy9GuqfIVildA4OdcGLeFZQrq5ys6RtiuF+RQQiZWr8TZNyAcuVXyQRYfEO+MsoB/1BuQVhOJuoQ==",
      "dev": true,
      "license": "MIT"
    },
    "node_modules/tape": {
      "version": "2.5.1",
      "resolved": "https://registry.npmjs.org/tape/-/tape-2.5.1.tgz",
      "integrity": "sha512-HAuRzk6PBZHUsCUHm2z4JqeKeFVGVA8yG+IGDWDiRHX6aosJn+4juhopNikLpyqshUkwaIbMlPhwifaeIgKyaA==",
      "dev": true,
      "license": "MIT",
      "dependencies": {
        "deep-equal": "~0.2.0",
        "defined": "~0.0.0",
        "inherits": "~2.0.1",
        "jsonify": "~0.0.0",
        "resumer": "~0.0.0",
        "through": "~2.3.4"
      },
      "bin": {
        "tape": "bin/tape"
      }
    },
    "node_modules/through": {
      "version": "2.3.8",
      "resolved": "https://registry.npmjs.org/through/-/through-2.3.8.tgz",
      "integrity": "sha512-w89qg7PI8wAdvX60bMDP+bFoD5Dvhm9oLheFp5O4a2QF0cSBGsBX4qZmadPMvVqlLJBBci+WqGGOAPvcDeNSVg==",
      "dev": true,
      "license": "MIT"
    },
    "node_modules/uglify-js": {
      "version": "2.3.6",
      "resolved": "https://registry.npmjs.org/uglify-js/-/uglify-js-2.3.6.tgz",
      "integrity": "sha512-T2LWWydxf5+Btpb0S/Gg/yKFmYjnX9jtQ4mdN9YRq73BhN21EhU0Dvw3wYDLqd3TooGUJlCKf3Gfyjjy/RTcWA==",
      "dev": true,
      "optional": true,
      "dependencies": {
        "async": "~0.2.6",
        "optimist": "~0.3.5",
        "source-map": "~0.1.7"
      },
      "bin": {
        "uglifyjs": "bin/uglifyjs"
      },
      "engines": {
        "node": ">=0.4.0"
      }
    },
    "node_modules/underscore": {
      "version": "1.4.4",
      "resolved": "https://registry.npmjs.org/underscore/-/underscore-1.4.4.tgz",
      "integrity": "sha512-ZqGrAgaqqZM7LGRzNjLnw5elevWb5M8LEoDMadxIW3OWbcv72wMMgKdwOKpd5Fqxe8choLD8HN3iSj3TUh/giQ==",
      "dev": true
    },
    "node_modules/which": {
      "version": "1.0.9",
      "resolved": "https://registry.npmjs.org/which/-/which-1.0.9.tgz",
      "integrity": "sha512-E87fdQ/eRJr9W1X4wTPejNy9zTW3FI2vpCZSJ/HAY+TkjKVC0TUm1jk6vn2Z7qay0DQy0+RBGdXxj+RmmiGZKQ==",
      "dev": true,
      "license": "ISC",
      "bin": {
        "which": "bin/which"
      }
    },
    "node_modules/wordwrap": {
      "version": "0.0.3",
      "resolved": "https://registry.npmjs.org/wordwrap/-/wordwrap-0.0.3.tgz",
      "integrity": "sha512-1tMA907+V4QmxV7dbRvb4/8MaRALK6q9Abid3ndMYnbyo8piisCmeONVqVSXqQA3KaP4SLt5b7ud6E2sqP8TFw==",
      "dev": true,
      "license": "MIT",
      "engines": {
        "node": ">=0.4.0"
      }
    }
  }
}
